// !$*UTF8*$!
{
	archiveVersion = 1;
	classes = {
	};
	objectVersion = 55;
	objects = {

/* Begin PBXBuildFile section */
		5A4E919C2927D0F100B0E192 /* LongCommentTableViewCell.m in Sources */ = {isa = PBXBuildFile; fileRef = 5A4E919B2927D0F100B0E192 /* LongCommentTableViewCell.m */; };
		5A4E91A22927D78900B0E192 /* CollectionView.m in Sources */ = {isa = PBXBuildFile; fileRef = 5A4E91A12927D78900B0E192 /* CollectionView.m */; };
		5A4E91A62927D7A700B0E192 /* CollectionViewController.m in Sources */ = {isa = PBXBuildFile; fileRef = 5A4E91A52927D7A700B0E192 /* CollectionViewController.m */; };
		5A4E91A92927D7C200B0E192 /* CollectionTableViewCell.m in Sources */ = {isa = PBXBuildFile; fileRef = 5A4E91A82927D7C200B0E192 /* CollectionTableViewCell.m */; };
		5A7A217B28FEC58A00F66C04 /* AppDelegate.m in Sources */ = {isa = PBXBuildFile; fileRef = 5A7A217A28FEC58A00F66C04 /* AppDelegate.m */; };
		5A7A217E28FEC58A00F66C04 /* SceneDelegate.m in Sources */ = {isa = PBXBuildFile; fileRef = 5A7A217D28FEC58A00F66C04 /* SceneDelegate.m */; };
		5A7A218428FEC58A00F66C04 /* Main.storyboard in Resources */ = {isa = PBXBuildFile; fileRef = 5A7A218228FEC58A00F66C04 /* Main.storyboard */; };
		5A7A218628FEC58C00F66C04 /* Assets.xcassets in Resources */ = {isa = PBXBuildFile; fileRef = 5A7A218528FEC58C00F66C04 /* Assets.xcassets */; };
		5A7A218928FEC58C00F66C04 /* LaunchScreen.storyboard in Resources */ = {isa = PBXBuildFile; fileRef = 5A7A218728FEC58C00F66C04 /* LaunchScreen.storyboard */; };
		5A7A218C28FEC58C00F66C04 /* main.m in Sources */ = {isa = PBXBuildFile; fileRef = 5A7A218B28FEC58C00F66C04 /* main.m */; };
		5A7A219628FEC58C00F66C04 /* zhiHuDailyProgramTests.m in Sources */ = {isa = PBXBuildFile; fileRef = 5A7A219528FEC58C00F66C04 /* zhiHuDailyProgramTests.m */; };
		5A7A21A028FEC58C00F66C04 /* zhiHuDailyProgramUITests.m in Sources */ = {isa = PBXBuildFile; fileRef = 5A7A219F28FEC58C00F66C04 /* zhiHuDailyProgramUITests.m */; };
		5A7A21A228FEC58C00F66C04 /* zhiHuDailyProgramUITestsLaunchTests.m in Sources */ = {isa = PBXBuildFile; fileRef = 5A7A21A128FEC58C00F66C04 /* zhiHuDailyProgramUITestsLaunchTests.m */; };
		5A7A21BF28FEC85700F66C04 /* MainPageView.m in Sources */ = {isa = PBXBuildFile; fileRef = 5A7A21BE28FEC85700F66C04 /* MainPageView.m */; };
		5A7A21C228FEC87D00F66C04 /* MainPageModel.m in Sources */ = {isa = PBXBuildFile; fileRef = 5A7A21C128FEC87D00F66C04 /* MainPageModel.m */; };
		5A7A21C528FEC8AD00F66C04 /* MainPageViewController.m in Sources */ = {isa = PBXBuildFile; fileRef = 5A7A21C428FEC8AD00F66C04 /* MainPageViewController.m */; };
		5A7A21D028FECF9F00F66C04 /* comments.png in Resources */ = {isa = PBXBuildFile; fileRef = 5A7A21C728FECF9E00F66C04 /* comments.png */; };
		5A7A21D128FECF9F00F66C04 /* nightMode.png in Resources */ = {isa = PBXBuildFile; fileRef = 5A7A21C828FECF9E00F66C04 /* nightMode.png */; };
		5A7A21D228FECF9F00F66C04 /* Like.png in Resources */ = {isa = PBXBuildFile; fileRef = 5A7A21C928FECF9E00F66C04 /* Like.png */; };
		5A7A21D328FECF9F00F66C04 /* Like2.png in Resources */ = {isa = PBXBuildFile; fileRef = 5A7A21CA28FECF9E00F66C04 /* Like2.png */; };
		5A7A21D428FECF9F00F66C04 /* arrowLeft.png in Resources */ = {isa = PBXBuildFile; fileRef = 5A7A21CB28FECF9E00F66C04 /* arrowLeft.png */; };
		5A7A21D528FECF9F00F66C04 /* lightMode.png in Resources */ = {isa = PBXBuildFile; fileRef = 5A7A21CC28FECF9E00F66C04 /* lightMode.png */; };
		5A7A21D628FECF9F00F66C04 /* share.png in Resources */ = {isa = PBXBuildFile; fileRef = 5A7A21CD28FECF9E00F66C04 /* share.png */; };
		5A7A21D728FECF9F00F66C04 /* collection.png in Resources */ = {isa = PBXBuildFile; fileRef = 5A7A21CE28FECF9E00F66C04 /* collection.png */; };
		5A7A21D828FECF9F00F66C04 /* collection2.png in Resources */ = {isa = PBXBuildFile; fileRef = 5A7A21CF28FECF9E00F66C04 /* collection2.png */; };
		5A7A21DD28FED3C600F66C04 /* ScrollerViewTableViewCell.m in Sources */ = {isa = PBXBuildFile; fileRef = 5A7A21DC28FED3C600F66C04 /* ScrollerViewTableViewCell.m */; };
		5A7A21E029000CBA00F66C04 /* MainPageTableViewCell.m in Sources */ = {isa = PBXBuildFile; fileRef = 5A7A21DF29000CBA00F66C04 /* MainPageTableViewCell.m */; };
		5A7A21E22900244500F66C04 /* head.jpg in Resources */ = {isa = PBXBuildFile; fileRef = 5A7A21E12900244400F66C04 /* head.jpg */; };
		5A7A21E529002E7A00F66C04 /* Manager.m in Sources */ = {isa = PBXBuildFile; fileRef = 5A7A21E429002E7A00F66C04 /* Manager.m */; };
		5A927EB9290AB0B900F79A6E /* TimeTableViewCell.m in Sources */ = {isa = PBXBuildFile; fileRef = 5A927EB8290AB0B900F79A6E /* TimeTableViewCell.m */; };
		5A9B4D632920EB65009018DE /* CommentsViewController.m in Sources */ = {isa = PBXBuildFile; fileRef = 5A9B4D622920EB65009018DE /* CommentsViewController.m */; };
		5A9B4D662920EBA8009018DE /* CommentsView.m in Sources */ = {isa = PBXBuildFile; fileRef = 5A9B4D652920EBA8009018DE /* CommentsView.m */; };
		5A9B4D692920EBCB009018DE /* CommentModel.m in Sources */ = {isa = PBXBuildFile; fileRef = 5A9B4D682920EBCB009018DE /* CommentModel.m */; };
		5ABFF1E729155E15003CD98E /* WebViewController.m in Sources */ = {isa = PBXBuildFile; fileRef = 5ABFF1E629155E15003CD98E /* WebViewController.m */; };
		5ABFF1EA29155E34003CD98E /* WebView.m in Sources */ = {isa = PBXBuildFile; fileRef = 5ABFF1E929155E33003CD98E /* WebView.m */; };
		5ABFF1F0291D0316003CD98E /* WebModel.m in Sources */ = {isa = PBXBuildFile; fileRef = 5ABFF1EF291D0316003CD98E /* WebModel.m */; };
		5ADAF8DD290D558A00209F5A /* BlankTableViewCell.m in Sources */ = {isa = PBXBuildFile; fileRef = 5ADAF8DC290D558A00209F5A /* BlankTableViewCell.m */; };
		5ADAF8E429114F4F00209F5A /* PersonalView.m in Sources */ = {isa = PBXBuildFile; fileRef = 5ADAF8E329114F4F00209F5A /* PersonalView.m */; };
		5ADAF8E729114FA900209F5A /* PersonalModel.m in Sources */ = {isa = PBXBuildFile; fileRef = 5ADAF8E629114FA900209F5A /* PersonalModel.m */; };
		5ADAF8EB29114FDB00209F5A /* PersonalViewController.m in Sources */ = {isa = PBXBuildFile; fileRef = 5ADAF8EA29114FDB00209F5A /* PersonalViewController.m */; };
		C001F41FFB8214E33B110F7D /* libPods-zhiHuDailyProgram.a in Frameworks */ = {isa = PBXBuildFile; fileRef = 3255DB93493D8B1CB677487A /* libPods-zhiHuDailyProgram.a */; };
/* End PBXBuildFile section */

/* Begin PBXContainerItemProxy section */
		5A7A219228FEC58C00F66C04 /* PBXContainerItemProxy */ = {
			isa = PBXContainerItemProxy;
			containerPortal = 5A7A216E28FEC58A00F66C04 /* Project object */;
			proxyType = 1;
			remoteGlobalIDString = 5A7A217528FEC58A00F66C04;
			remoteInfo = zhiHuDailyProgram;
		};
		5A7A219C28FEC58C00F66C04 /* PBXContainerItemProxy */ = {
			isa = PBXContainerItemProxy;
			containerPortal = 5A7A216E28FEC58A00F66C04 /* Project object */;
			proxyType = 1;
			remoteGlobalIDString = 5A7A217528FEC58A00F66C04;
			remoteInfo = zhiHuDailyProgram;
		};
/* End PBXContainerItemProxy section */

/* Begin PBXFileReference section */
		3255DB93493D8B1CB677487A /* libPods-zhiHuDailyProgram.a */ = {isa = PBXFileReference; explicitFileType = archive.ar; includeInIndex = 0; path = "libPods-zhiHuDailyProgram.a"; sourceTree = BUILT_PRODUCTS_DIR; };
		5A4E919A2927D0F100B0E192 /* LongCommentTableViewCell.h */ = {isa = PBXFileReference; lastKnownFileType = sourcecode.c.h; path = LongCommentTableViewCell.h; sourceTree = "<group>"; };
		5A4E919B2927D0F100B0E192 /* LongCommentTableViewCell.m */ = {isa = PBXFileReference; lastKnownFileType = sourcecode.c.objc; path = LongCommentTableViewCell.m; sourceTree = "<group>"; };
		5A4E91A02927D78900B0E192 /* CollectionView.h */ = {isa = PBXFileReference; lastKnownFileType = sourcecode.c.h; path = CollectionView.h; sourceTree = "<group>"; };
		5A4E91A12927D78900B0E192 /* CollectionView.m */ = {isa = PBXFileReference; lastKnownFileType = sourcecode.c.objc; path = CollectionView.m; sourceTree = "<group>"; };
		5A4E91A42927D7A700B0E192 /* CollectionViewController.h */ = {isa = PBXFileReference; lastKnownFileType = sourcecode.c.h; path = CollectionViewController.h; sourceTree = "<group>"; };
		5A4E91A52927D7A700B0E192 /* CollectionViewController.m */ = {isa = PBXFileReference; lastKnownFileType = sourcecode.c.objc; path = CollectionViewController.m; sourceTree = "<group>"; };
		5A4E91A72927D7C200B0E192 /* CollectionTableViewCell.h */ = {isa = PBXFileReference; lastKnownFileType = sourcecode.c.h; path = CollectionTableViewCell.h; sourceTree = "<group>"; };
		5A4E91A82927D7C200B0E192 /* CollectionTableViewCell.m */ = {isa = PBXFileReference; lastKnownFileType = sourcecode.c.objc; path = CollectionTableViewCell.m; sourceTree = "<group>"; };
		5A7A217628FEC58A00F66C04 /* zhiHuDailyProgram.app */ = {isa = PBXFileReference; explicitFileType = wrapper.application; includeInIndex = 0; path = zhiHuDailyProgram.app; sourceTree = BUILT_PRODUCTS_DIR; };
		5A7A217928FEC58A00F66C04 /* AppDelegate.h */ = {isa = PBXFileReference; lastKnownFileType = sourcecode.c.h; path = AppDelegate.h; sourceTree = "<group>"; };
		5A7A217A28FEC58A00F66C04 /* AppDelegate.m */ = {isa = PBXFileReference; lastKnownFileType = sourcecode.c.objc; path = AppDelegate.m; sourceTree = "<group>"; };
		5A7A217C28FEC58A00F66C04 /* SceneDelegate.h */ = {isa = PBXFileReference; lastKnownFileType = sourcecode.c.h; path = SceneDelegate.h; sourceTree = "<group>"; };
		5A7A217D28FEC58A00F66C04 /* SceneDelegate.m */ = {isa = PBXFileReference; lastKnownFileType = sourcecode.c.objc; path = SceneDelegate.m; sourceTree = "<group>"; };
		5A7A218328FEC58A00F66C04 /* Base */ = {isa = PBXFileReference; lastKnownFileType = file.storyboard; name = Base; path = Base.lproj/Main.storyboard; sourceTree = "<group>"; };
		5A7A218528FEC58C00F66C04 /* Assets.xcassets */ = {isa = PBXFileReference; lastKnownFileType = folder.assetcatalog; path = Assets.xcassets; sourceTree = "<group>"; };
		5A7A218828FEC58C00F66C04 /* Base */ = {isa = PBXFileReference; lastKnownFileType = file.storyboard; name = Base; path = Base.lproj/LaunchScreen.storyboard; sourceTree = "<group>"; };
		5A7A218A28FEC58C00F66C04 /* Info.plist */ = {isa = PBXFileReference; lastKnownFileType = text.plist.xml; path = Info.plist; sourceTree = "<group>"; };
		5A7A218B28FEC58C00F66C04 /* main.m */ = {isa = PBXFileReference; lastKnownFileType = sourcecode.c.objc; path = main.m; sourceTree = "<group>"; };
		5A7A219128FEC58C00F66C04 /* zhiHuDailyProgramTests.xctest */ = {isa = PBXFileReference; explicitFileType = wrapper.cfbundle; includeInIndex = 0; path = zhiHuDailyProgramTests.xctest; sourceTree = BUILT_PRODUCTS_DIR; };
		5A7A219528FEC58C00F66C04 /* zhiHuDailyProgramTests.m */ = {isa = PBXFileReference; lastKnownFileType = sourcecode.c.objc; path = zhiHuDailyProgramTests.m; sourceTree = "<group>"; };
		5A7A219B28FEC58C00F66C04 /* zhiHuDailyProgramUITests.xctest */ = {isa = PBXFileReference; explicitFileType = wrapper.cfbundle; includeInIndex = 0; path = zhiHuDailyProgramUITests.xctest; sourceTree = BUILT_PRODUCTS_DIR; };
		5A7A219F28FEC58C00F66C04 /* zhiHuDailyProgramUITests.m */ = {isa = PBXFileReference; lastKnownFileType = sourcecode.c.objc; path = zhiHuDailyProgramUITests.m; sourceTree = "<group>"; };
		5A7A21A128FEC58C00F66C04 /* zhiHuDailyProgramUITestsLaunchTests.m */ = {isa = PBXFileReference; lastKnownFileType = sourcecode.c.objc; path = zhiHuDailyProgramUITestsLaunchTests.m; sourceTree = "<group>"; };
		5A7A21BD28FEC85700F66C04 /* MainPageView.h */ = {isa = PBXFileReference; lastKnownFileType = sourcecode.c.h; path = MainPageView.h; sourceTree = "<group>"; };
		5A7A21BE28FEC85700F66C04 /* MainPageView.m */ = {isa = PBXFileReference; lastKnownFileType = sourcecode.c.objc; path = MainPageView.m; sourceTree = "<group>"; };
		5A7A21C028FEC87D00F66C04 /* MainPageModel.h */ = {isa = PBXFileReference; lastKnownFileType = sourcecode.c.h; path = MainPageModel.h; sourceTree = "<group>"; };
		5A7A21C128FEC87D00F66C04 /* MainPageModel.m */ = {isa = PBXFileReference; lastKnownFileType = sourcecode.c.objc; path = MainPageModel.m; sourceTree = "<group>"; };
		5A7A21C328FEC8AD00F66C04 /* MainPageViewController.h */ = {isa = PBXFileReference; lastKnownFileType = sourcecode.c.h; path = MainPageViewController.h; sourceTree = "<group>"; };
		5A7A21C428FEC8AD00F66C04 /* MainPageViewController.m */ = {isa = PBXFileReference; lastKnownFileType = sourcecode.c.objc; path = MainPageViewController.m; sourceTree = "<group>"; };
		5A7A21C728FECF9E00F66C04 /* comments.png */ = {isa = PBXFileReference; lastKnownFileType = image.png; path = comments.png; sourceTree = "<group>"; };
		5A7A21C828FECF9E00F66C04 /* nightMode.png */ = {isa = PBXFileReference; lastKnownFileType = image.png; path = nightMode.png; sourceTree = "<group>"; };
		5A7A21C928FECF9E00F66C04 /* Like.png */ = {isa = PBXFileReference; lastKnownFileType = image.png; path = Like.png; sourceTree = "<group>"; };
		5A7A21CA28FECF9E00F66C04 /* Like2.png */ = {isa = PBXFileReference; lastKnownFileType = image.png; path = Like2.png; sourceTree = "<group>"; };
		5A7A21CB28FECF9E00F66C04 /* arrowLeft.png */ = {isa = PBXFileReference; lastKnownFileType = image.png; path = arrowLeft.png; sourceTree = "<group>"; };
		5A7A21CC28FECF9E00F66C04 /* lightMode.png */ = {isa = PBXFileReference; lastKnownFileType = image.png; path = lightMode.png; sourceTree = "<group>"; };
		5A7A21CD28FECF9E00F66C04 /* share.png */ = {isa = PBXFileReference; lastKnownFileType = image.png; path = share.png; sourceTree = "<group>"; };
		5A7A21CE28FECF9E00F66C04 /* collection.png */ = {isa = PBXFileReference; lastKnownFileType = image.png; path = collection.png; sourceTree = "<group>"; };
		5A7A21CF28FECF9E00F66C04 /* collection2.png */ = {isa = PBXFileReference; lastKnownFileType = image.png; path = collection2.png; sourceTree = "<group>"; };
		5A7A21DB28FED3C600F66C04 /* ScrollerViewTableViewCell.h */ = {isa = PBXFileReference; lastKnownFileType = sourcecode.c.h; path = ScrollerViewTableViewCell.h; sourceTree = "<group>"; };
		5A7A21DC28FED3C600F66C04 /* ScrollerViewTableViewCell.m */ = {isa = PBXFileReference; lastKnownFileType = sourcecode.c.objc; path = ScrollerViewTableViewCell.m; sourceTree = "<group>"; };
		5A7A21DE29000CBA00F66C04 /* MainPageTableViewCell.h */ = {isa = PBXFileReference; lastKnownFileType = sourcecode.c.h; path = MainPageTableViewCell.h; sourceTree = "<group>"; };
		5A7A21DF29000CBA00F66C04 /* MainPageTableViewCell.m */ = {isa = PBXFileReference; lastKnownFileType = sourcecode.c.objc; path = MainPageTableViewCell.m; sourceTree = "<group>"; };
		5A7A21E12900244400F66C04 /* head.jpg */ = {isa = PBXFileReference; lastKnownFileType = image.jpeg; path = head.jpg; sourceTree = "<group>"; };
		5A7A21E329002E7A00F66C04 /* Manager.h */ = {isa = PBXFileReference; lastKnownFileType = sourcecode.c.h; path = Manager.h; sourceTree = "<group>"; };
		5A7A21E429002E7A00F66C04 /* Manager.m */ = {isa = PBXFileReference; lastKnownFileType = sourcecode.c.objc; path = Manager.m; sourceTree = "<group>"; };
		5A8419292930DE68002F375D /* next.png */ = {isa = PBXFileReference; lastKnownFileType = image.png; path = next.png; sourceTree = "<group>"; };
		5A927EB7290AB0B900F79A6E /* TimeTableViewCell.h */ = {isa = PBXFileReference; lastKnownFileType = sourcecode.c.h; path = TimeTableViewCell.h; sourceTree = "<group>"; };
		5A927EB8290AB0B900F79A6E /* TimeTableViewCell.m */ = {isa = PBXFileReference; lastKnownFileType = sourcecode.c.objc; path = TimeTableViewCell.m; sourceTree = "<group>"; };
		5A9B4D612920EB65009018DE /* CommentsViewController.h */ = {isa = PBXFileReference; lastKnownFileType = sourcecode.c.h; path = CommentsViewController.h; sourceTree = "<group>"; };
		5A9B4D622920EB65009018DE /* CommentsViewController.m */ = {isa = PBXFileReference; lastKnownFileType = sourcecode.c.objc; path = CommentsViewController.m; sourceTree = "<group>"; };
		5A9B4D642920EBA8009018DE /* CommentsView.h */ = {isa = PBXFileReference; lastKnownFileType = sourcecode.c.h; path = CommentsView.h; sourceTree = "<group>"; };
		5A9B4D652920EBA8009018DE /* CommentsView.m */ = {isa = PBXFileReference; lastKnownFileType = sourcecode.c.objc; path = CommentsView.m; sourceTree = "<group>"; };
		5A9B4D672920EBCB009018DE /* CommentModel.h */ = {isa = PBXFileReference; lastKnownFileType = sourcecode.c.h; path = CommentModel.h; sourceTree = "<group>"; };
		5A9B4D682920EBCB009018DE /* CommentModel.m */ = {isa = PBXFileReference; lastKnownFileType = sourcecode.c.objc; path = CommentModel.m; sourceTree = "<group>"; };
		5ABFF1E529155E15003CD98E /* WebViewController.h */ = {isa = PBXFileReference; lastKnownFileType = sourcecode.c.h; path = WebViewController.h; sourceTree = "<group>"; };
		5ABFF1E629155E15003CD98E /* WebViewController.m */ = {isa = PBXFileReference; lastKnownFileType = sourcecode.c.objc; path = WebViewController.m; sourceTree = "<group>"; };
		5ABFF1E829155E33003CD98E /* WebView.h */ = {isa = PBXFileReference; lastKnownFileType = sourcecode.c.h; path = WebView.h; sourceTree = "<group>"; };
		5ABFF1E929155E33003CD98E /* WebView.m */ = {isa = PBXFileReference; lastKnownFileType = sourcecode.c.objc; path = WebView.m; sourceTree = "<group>"; };
		5ABFF1EE291D0316003CD98E /* WebModel.h */ = {isa = PBXFileReference; lastKnownFileType = sourcecode.c.h; path = WebModel.h; sourceTree = "<group>"; };
		5ABFF1EF291D0316003CD98E /* WebModel.m */ = {isa = PBXFileReference; lastKnownFileType = sourcecode.c.objc; path = WebModel.m; sourceTree = "<group>"; };
		5ADAF8DB290D558A00209F5A /* BlankTableViewCell.h */ = {isa = PBXFileReference; lastKnownFileType = sourcecode.c.h; path = BlankTableViewCell.h; sourceTree = "<group>"; };
		5ADAF8DC290D558A00209F5A /* BlankTableViewCell.m */ = {isa = PBXFileReference; lastKnownFileType = sourcecode.c.objc; path = BlankTableViewCell.m; sourceTree = "<group>"; };
		5ADAF8E229114F4F00209F5A /* PersonalView.h */ = {isa = PBXFileReference; lastKnownFileType = sourcecode.c.h; path = PersonalView.h; sourceTree = "<group>"; };
		5ADAF8E329114F4F00209F5A /* PersonalView.m */ = {isa = PBXFileReference; lastKnownFileType = sourcecode.c.objc; path = PersonalView.m; sourceTree = "<group>"; };
		5ADAF8E529114FA900209F5A /* PersonalModel.h */ = {isa = PBXFileReference; lastKnownFileType = sourcecode.c.h; path = PersonalModel.h; sourceTree = "<group>"; };
		5ADAF8E629114FA900209F5A /* PersonalModel.m */ = {isa = PBXFileReference; lastKnownFileType = sourcecode.c.objc; path = PersonalModel.m; sourceTree = "<group>"; };
		5ADAF8E929114FDB00209F5A /* PersonalViewController.h */ = {isa = PBXFileReference; lastKnownFileType = sourcecode.c.h; path = PersonalViewController.h; sourceTree = "<group>"; };
		5ADAF8EA29114FDB00209F5A /* PersonalViewController.m */ = {isa = PBXFileReference; lastKnownFileType = sourcecode.c.objc; path = PersonalViewController.m; sourceTree = "<group>"; };
		C6A2145610907543072918FD /* Pods-zhiHuDailyProgram.release.xcconfig */ = {isa = PBXFileReference; includeInIndex = 1; lastKnownFileType = text.xcconfig; name = "Pods-zhiHuDailyProgram.release.xcconfig"; path = "Target Support Files/Pods-zhiHuDailyProgram/Pods-zhiHuDailyProgram.release.xcconfig"; sourceTree = "<group>"; };
		FF2721A1863360E8931F1133 /* Pods-zhiHuDailyProgram.debug.xcconfig */ = {isa = PBXFileReference; includeInIndex = 1; lastKnownFileType = text.xcconfig; name = "Pods-zhiHuDailyProgram.debug.xcconfig"; path = "Target Support Files/Pods-zhiHuDailyProgram/Pods-zhiHuDailyProgram.debug.xcconfig"; sourceTree = "<group>"; };
/* End PBXFileReference section */

/* Begin PBXFrameworksBuildPhase section */
		5A7A217328FEC58A00F66C04 /* Frameworks */ = {
			isa = PBXFrameworksBuildPhase;
			buildActionMask = 2147483647;
			files = (
				C001F41FFB8214E33B110F7D /* libPods-zhiHuDailyProgram.a in Frameworks */,
			);
			runOnlyForDeploymentPostprocessing = 0;
		};
		5A7A218E28FEC58C00F66C04 /* Frameworks */ = {
			isa = PBXFrameworksBuildPhase;
			buildActionMask = 2147483647;
			files = (
			);
			runOnlyForDeploymentPostprocessing = 0;
		};
		5A7A219828FEC58C00F66C04 /* Frameworks */ = {
			isa = PBXFrameworksBuildPhase;
			buildActionMask = 2147483647;
			files = (
			);
			runOnlyForDeploymentPostprocessing = 0;
		};
/* End PBXFrameworksBuildPhase section */

/* Begin PBXGroup section */
		5A4E919D2927D74300B0E192 /* CollectionPage */ = {
			isa = PBXGroup;
			children = (
				5A4E919F2927D76400B0E192 /* C */,
				5A4E919E2927D75E00B0E192 /* V */,
			);
			path = CollectionPage;
			sourceTree = "<group>";
		};
		5A4E919E2927D75E00B0E192 /* V */ = {
			isa = PBXGroup;
			children = (
				5A4E91A02927D78900B0E192 /* CollectionView.h */,
				5A4E91A12927D78900B0E192 /* CollectionView.m */,
				5A4E91A72927D7C200B0E192 /* CollectionTableViewCell.h */,
				5A4E91A82927D7C200B0E192 /* CollectionTableViewCell.m */,
			);
			path = V;
			sourceTree = "<group>";
		};
		5A4E919F2927D76400B0E192 /* C */ = {
			isa = PBXGroup;
			children = (
				5A4E91A42927D7A700B0E192 /* CollectionViewController.h */,
				5A4E91A52927D7A700B0E192 /* CollectionViewController.m */,
			);
			path = C;
			sourceTree = "<group>";
		};
		5A7A216D28FEC58A00F66C04 = {
			isa = PBXGroup;
			children = (
				5A7A21C628FECF9E00F66C04 /* zhiHuDailyIcon */,
				5A4E919D2927D74300B0E192 /* CollectionPage */,
				5A9B4D5D2920EA46009018DE /* CommentsPage */,
				5ABFF1E129155DA1003CD98E /* WebPage */,
				5ADAF8DE29114EE600209F5A /* PersonalPage */,
				5A7A21D928FECFB900F66C04 /* mainPage */,
				5A7A217828FEC58A00F66C04 /* zhiHuDailyProgram */,
				5A7A219428FEC58C00F66C04 /* zhiHuDailyProgramTests */,
				5A7A219E28FEC58C00F66C04 /* zhiHuDailyProgramUITests */,
				5A7A217728FEC58A00F66C04 /* Products */,
				B67C4C4ACCAE5BB20898699A /* Pods */,
				8E6C5B8295711F3EFA886563 /* Frameworks */,
			);
			sourceTree = "<group>";
		};
		5A7A217728FEC58A00F66C04 /* Products */ = {
			isa = PBXGroup;
			children = (
				5A7A217628FEC58A00F66C04 /* zhiHuDailyProgram.app */,
				5A7A219128FEC58C00F66C04 /* zhiHuDailyProgramTests.xctest */,
				5A7A219B28FEC58C00F66C04 /* zhiHuDailyProgramUITests.xctest */,
			);
			name = Products;
			sourceTree = "<group>";
		};
		5A7A217828FEC58A00F66C04 /* zhiHuDailyProgram */ = {
			isa = PBXGroup;
			children = (
				5A7A217928FEC58A00F66C04 /* AppDelegate.h */,
				5A7A217A28FEC58A00F66C04 /* AppDelegate.m */,
				5A7A217C28FEC58A00F66C04 /* SceneDelegate.h */,
				5A7A217D28FEC58A00F66C04 /* SceneDelegate.m */,
				5A7A218228FEC58A00F66C04 /* Main.storyboard */,
				5A7A218528FEC58C00F66C04 /* Assets.xcassets */,
				5A7A218728FEC58C00F66C04 /* LaunchScreen.storyboard */,
				5A7A218A28FEC58C00F66C04 /* Info.plist */,
				5A7A218B28FEC58C00F66C04 /* main.m */,
			);
			path = zhiHuDailyProgram;
			sourceTree = "<group>";
		};
		5A7A219428FEC58C00F66C04 /* zhiHuDailyProgramTests */ = {
			isa = PBXGroup;
			children = (
				5A7A219528FEC58C00F66C04 /* zhiHuDailyProgramTests.m */,
			);
			path = zhiHuDailyProgramTests;
			sourceTree = "<group>";
		};
		5A7A219E28FEC58C00F66C04 /* zhiHuDailyProgramUITests */ = {
			isa = PBXGroup;
			children = (
				5A7A219F28FEC58C00F66C04 /* zhiHuDailyProgramUITests.m */,
				5A7A21A128FEC58C00F66C04 /* zhiHuDailyProgramUITestsLaunchTests.m */,
			);
			path = zhiHuDailyProgramUITests;
			sourceTree = "<group>";
		};
		5A7A21AE28FEC63300F66C04 /* M */ = {
			isa = PBXGroup;
			children = (
				5A7A21C028FEC87D00F66C04 /* MainPageModel.h */,
				5A7A21C128FEC87D00F66C04 /* MainPageModel.m */,
			);
			path = M;
			sourceTree = "<group>";
		};
		5A7A21AF28FEC63A00F66C04 /* V */ = {
			isa = PBXGroup;
			children = (
				5A7A21BD28FEC85700F66C04 /* MainPageView.h */,
				5A7A21BE28FEC85700F66C04 /* MainPageView.m */,
				5A7A21DB28FED3C600F66C04 /* ScrollerViewTableViewCell.h */,
				5A7A21DC28FED3C600F66C04 /* ScrollerViewTableViewCell.m */,
				5A7A21DE29000CBA00F66C04 /* MainPageTableViewCell.h */,
				5A7A21DF29000CBA00F66C04 /* MainPageTableViewCell.m */,
				5A927EB7290AB0B900F79A6E /* TimeTableViewCell.h */,
				5A927EB8290AB0B900F79A6E /* TimeTableViewCell.m */,
				5ADAF8DB290D558A00209F5A /* BlankTableViewCell.h */,
				5ADAF8DC290D558A00209F5A /* BlankTableViewCell.m */,
			);
			path = V;
			sourceTree = "<group>";
		};
		5A7A21B028FEC63F00F66C04 /* C */ = {
			isa = PBXGroup;
			children = (
				5A7A21C328FEC8AD00F66C04 /* MainPageViewController.h */,
				5A7A21C428FEC8AD00F66C04 /* MainPageViewController.m */,
			);
			path = C;
			sourceTree = "<group>";
		};
		5A7A21C628FECF9E00F66C04 /* zhiHuDailyIcon */ = {
			isa = PBXGroup;
			children = (
				5A8419292930DE68002F375D /* next.png */,
				5A7A21C728FECF9E00F66C04 /* comments.png */,
				5A7A21C828FECF9E00F66C04 /* nightMode.png */,
				5A7A21C928FECF9E00F66C04 /* Like.png */,
				5A7A21CA28FECF9E00F66C04 /* Like2.png */,
				5A7A21CB28FECF9E00F66C04 /* arrowLeft.png */,
				5A7A21CC28FECF9E00F66C04 /* lightMode.png */,
				5A7A21CD28FECF9E00F66C04 /* share.png */,
				5A7A21CE28FECF9E00F66C04 /* collection.png */,
				5A7A21CF28FECF9E00F66C04 /* collection2.png */,
				5A7A21E12900244400F66C04 /* head.jpg */,
			);
			path = zhiHuDailyIcon;
			sourceTree = "<group>";
		};
		5A7A21D928FECFB900F66C04 /* mainPage */ = {
			isa = PBXGroup;
			children = (
				5A7A21E329002E7A00F66C04 /* Manager.h */,
				5A7A21E429002E7A00F66C04 /* Manager.m */,
				5A7A21B028FEC63F00F66C04 /* C */,
				5A7A21AF28FEC63A00F66C04 /* V */,
				5A7A21AE28FEC63300F66C04 /* M */,
			);
			path = mainPage;
			sourceTree = "<group>";
		};
		5A9B4D5D2920EA46009018DE /* CommentsPage */ = {
			isa = PBXGroup;
			children = (
				5A9B4D602920EA5F009018DE /* M */,
				5A9B4D5F2920EA5A009018DE /* V */,
				5A9B4D5E2920EA54009018DE /* C */,
			);
			path = CommentsPage;
			sourceTree = "<group>";
		};
		5A9B4D5E2920EA54009018DE /* C */ = {
			isa = PBXGroup;
			children = (
				5A9B4D612920EB65009018DE /* CommentsViewController.h */,
				5A9B4D622920EB65009018DE /* CommentsViewController.m */,
			);
			path = C;
			sourceTree = "<group>";
		};
		5A9B4D5F2920EA5A009018DE /* V */ = {
			isa = PBXGroup;
			children = (
				5A9B4D642920EBA8009018DE /* CommentsView.h */,
				5A9B4D652920EBA8009018DE /* CommentsView.m */,
				5A4E919A2927D0F100B0E192 /* LongCommentTableViewCell.h */,
				5A4E919B2927D0F100B0E192 /* LongCommentTableViewCell.m */,
			);
			path = V;
			sourceTree = "<group>";
		};
		5A9B4D602920EA5F009018DE /* M */ = {
			isa = PBXGroup;
			children = (
				5A9B4D672920EBCB009018DE /* CommentModel.h */,
				5A9B4D682920EBCB009018DE /* CommentModel.m */,
			);
			path = M;
			sourceTree = "<group>";
		};
		5ABFF1E129155DA1003CD98E /* WebPage */ = {
			isa = PBXGroup;
			children = (
				5ABFF1E429155DC2003CD98E /* M */,
				5ABFF1E329155DB7003CD98E /* V */,
				5ABFF1E229155DAD003CD98E /* C */,
			);
			path = WebPage;
			sourceTree = "<group>";
		};
		5ABFF1E229155DAD003CD98E /* C */ = {
			isa = PBXGroup;
			children = (
				5ABFF1E529155E15003CD98E /* WebViewController.h */,
				5ABFF1E629155E15003CD98E /* WebViewController.m */,
			);
			path = C;
			sourceTree = "<group>";
		};
		5ABFF1E329155DB7003CD98E /* V */ = {
			isa = PBXGroup;
			children = (
				5ABFF1E829155E33003CD98E /* WebView.h */,
				5ABFF1E929155E33003CD98E /* WebView.m */,
			);
			path = V;
			sourceTree = "<group>";
		};
		5ABFF1E429155DC2003CD98E /* M */ = {
			isa = PBXGroup;
			children = (
				5ABFF1EE291D0316003CD98E /* WebModel.h */,
				5ABFF1EF291D0316003CD98E /* WebModel.m */,
			);
			path = M;
			sourceTree = "<group>";
		};
		5ADAF8DE29114EE600209F5A /* PersonalPage */ = {
			isa = PBXGroup;
			children = (
				5ADAF8DF29114F0E00209F5A /* M */,
				5ADAF8E029114F1600209F5A /* V */,
				5ADAF8E129114F1C00209F5A /* C */,
			);
			path = PersonalPage;
			sourceTree = "<group>";
		};
		5ADAF8DF29114F0E00209F5A /* M */ = {
			isa = PBXGroup;
			children = (
				5ADAF8E529114FA900209F5A /* PersonalModel.h */,
				5ADAF8E629114FA900209F5A /* PersonalModel.m */,
			);
			path = M;
			sourceTree = "<group>";
		};
		5ADAF8E029114F1600209F5A /* V */ = {
			isa = PBXGroup;
			children = (
				5ADAF8E229114F4F00209F5A /* PersonalView.h */,
				5ADAF8E329114F4F00209F5A /* PersonalView.m */,
			);
			path = V;
			sourceTree = "<group>";
		};
		5ADAF8E129114F1C00209F5A /* C */ = {
			isa = PBXGroup;
			children = (
				5ADAF8E929114FDB00209F5A /* PersonalViewController.h */,
				5ADAF8EA29114FDB00209F5A /* PersonalViewController.m */,
			);
			path = C;
			sourceTree = "<group>";
		};
		8E6C5B8295711F3EFA886563 /* Frameworks */ = {
			isa = PBXGroup;
			children = (
				3255DB93493D8B1CB677487A /* libPods-zhiHuDailyProgram.a */,
			);
			name = Frameworks;
			sourceTree = "<group>";
		};
		B67C4C4ACCAE5BB20898699A /* Pods */ = {
			isa = PBXGroup;
			children = (
				FF2721A1863360E8931F1133 /* Pods-zhiHuDailyProgram.debug.xcconfig */,
				C6A2145610907543072918FD /* Pods-zhiHuDailyProgram.release.xcconfig */,
			);
			path = Pods;
			sourceTree = "<group>";
		};
/* End PBXGroup section */

/* Begin PBXNativeTarget section */
		5A7A217528FEC58A00F66C04 /* zhiHuDailyProgram */ = {
			isa = PBXNativeTarget;
			buildConfigurationList = 5A7A21A528FEC58C00F66C04 /* Build configuration list for PBXNativeTarget "zhiHuDailyProgram" */;
			buildPhases = (
				E2CD5FEB430A896C8B385AB0 /* [CP] Check Pods Manifest.lock */,
				5A7A217228FEC58A00F66C04 /* Sources */,
				5A7A217328FEC58A00F66C04 /* Frameworks */,
				5A7A217428FEC58A00F66C04 /* Resources */,
			);
			buildRules = (
			);
			dependencies = (
			);
			name = zhiHuDailyProgram;
			productName = zhiHuDailyProgram;
			productReference = 5A7A217628FEC58A00F66C04 /* zhiHuDailyProgram.app */;
			productType = "com.apple.product-type.application";
		};
		5A7A219028FEC58C00F66C04 /* zhiHuDailyProgramTests */ = {
			isa = PBXNativeTarget;
			buildConfigurationList = 5A7A21A828FEC58C00F66C04 /* Build configuration list for PBXNativeTarget "zhiHuDailyProgramTests" */;
			buildPhases = (
				5A7A218D28FEC58C00F66C04 /* Sources */,
				5A7A218E28FEC58C00F66C04 /* Frameworks */,
				5A7A218F28FEC58C00F66C04 /* Resources */,
			);
			buildRules = (
			);
			dependencies = (
				5A7A219328FEC58C00F66C04 /* PBXTargetDependency */,
			);
			name = zhiHuDailyProgramTests;
			productName = zhiHuDailyProgramTests;
			productReference = 5A7A219128FEC58C00F66C04 /* zhiHuDailyProgramTests.xctest */;
			productType = "com.apple.product-type.bundle.unit-test";
		};
		5A7A219A28FEC58C00F66C04 /* zhiHuDailyProgramUITests */ = {
			isa = PBXNativeTarget;
			buildConfigurationList = 5A7A21AB28FEC58C00F66C04 /* Build configuration list for PBXNativeTarget "zhiHuDailyProgramUITests" */;
			buildPhases = (
				5A7A219728FEC58C00F66C04 /* Sources */,
				5A7A219828FEC58C00F66C04 /* Frameworks */,
				5A7A219928FEC58C00F66C04 /* Resources */,
			);
			buildRules = (
			);
			dependencies = (
				5A7A219D28FEC58C00F66C04 /* PBXTargetDependency */,
			);
			name = zhiHuDailyProgramUITests;
			productName = zhiHuDailyProgramUITests;
			productReference = 5A7A219B28FEC58C00F66C04 /* zhiHuDailyProgramUITests.xctest */;
			productType = "com.apple.product-type.bundle.ui-testing";
		};
/* End PBXNativeTarget section */

/* Begin PBXProject section */
		5A7A216E28FEC58A00F66C04 /* Project object */ = {
			isa = PBXProject;
			attributes = {
				BuildIndependentTargetsInParallel = 1;
				LastUpgradeCheck = 1340;
				TargetAttributes = {
					5A7A217528FEC58A00F66C04 = {
						CreatedOnToolsVersion = 13.4.1;
					};
					5A7A219028FEC58C00F66C04 = {
						CreatedOnToolsVersion = 13.4.1;
						TestTargetID = 5A7A217528FEC58A00F66C04;
					};
					5A7A219A28FEC58C00F66C04 = {
						CreatedOnToolsVersion = 13.4.1;
						TestTargetID = 5A7A217528FEC58A00F66C04;
					};
				};
			};
			buildConfigurationList = 5A7A217128FEC58A00F66C04 /* Build configuration list for PBXProject "zhiHuDailyProgram" */;
			compatibilityVersion = "Xcode 13.0";
			developmentRegion = en;
			hasScannedForEncodings = 0;
			knownRegions = (
				en,
				Base,
			);
			mainGroup = 5A7A216D28FEC58A00F66C04;
			productRefGroup = 5A7A217728FEC58A00F66C04 /* Products */;
			projectDirPath = "";
			projectRoot = "";
			targets = (
				5A7A217528FEC58A00F66C04 /* zhiHuDailyProgram */,
				5A7A219028FEC58C00F66C04 /* zhiHuDailyProgramTests */,
				5A7A219A28FEC58C00F66C04 /* zhiHuDailyProgramUITests */,
			);
		};
/* End PBXProject section */

/* Begin PBXResourcesBuildPhase section */
		5A7A217428FEC58A00F66C04 /* Resources */ = {
			isa = PBXResourcesBuildPhase;
			buildActionMask = 2147483647;
			files = (
				5A7A21D228FECF9F00F66C04 /* Like.png in Resources */,
				5A7A21D328FECF9F00F66C04 /* Like2.png in Resources */,
				5A7A218928FEC58C00F66C04 /* LaunchScreen.storyboard in Resources */,
				5A7A21D128FECF9F00F66C04 /* nightMode.png in Resources */,
				5A7A21D028FECF9F00F66C04 /* comments.png in Resources */,
				5A7A218628FEC58C00F66C04 /* Assets.xcassets in Resources */,
				5A7A21D528FECF9F00F66C04 /* lightMode.png in Resources */,
				5A7A21E22900244500F66C04 /* head.jpg in Resources */,
				5A7A21D728FECF9F00F66C04 /* collection.png in Resources */,
				5A7A21D828FECF9F00F66C04 /* collection2.png in Resources */,
				5A7A21D628FECF9F00F66C04 /* share.png in Resources */,
				5A7A21D428FECF9F00F66C04 /* arrowLeft.png in Resources */,
				5A7A218428FEC58A00F66C04 /* Main.storyboard in Resources */,
			);
			runOnlyForDeploymentPostprocessing = 0;
		};
		5A7A218F28FEC58C00F66C04 /* Resources */ = {
			isa = PBXResourcesBuildPhase;
			buildActionMask = 2147483647;
			files = (
			);
			runOnlyForDeploymentPostprocessing = 0;
		};
		5A7A219928FEC58C00F66C04 /* Resources */ = {
			isa = PBXResourcesBuildPhase;
			buildActionMask = 2147483647;
			files = (
			);
			runOnlyForDeploymentPostprocessing = 0;
		};
/* End PBXResourcesBuildPhase section */

/* Begin PBXShellScriptBuildPhase section */
		E2CD5FEB430A896C8B385AB0 /* [CP] Check Pods Manifest.lock */ = {
			isa = PBXShellScriptBuildPhase;
			buildActionMask = 2147483647;
			files = (
			);
			inputFileListPaths = (
			);
			inputPaths = (
				"${PODS_PODFILE_DIR_PATH}/Podfile.lock",
				"${PODS_ROOT}/Manifest.lock",
			);
			name = "[CP] Check Pods Manifest.lock";
			outputFileListPaths = (
			);
			outputPaths = (
				"$(DERIVED_FILE_DIR)/Pods-zhiHuDailyProgram-checkManifestLockResult.txt",
			);
			runOnlyForDeploymentPostprocessing = 0;
			shellPath = /bin/sh;
			shellScript = "diff \"${PODS_PODFILE_DIR_PATH}/Podfile.lock\" \"${PODS_ROOT}/Manifest.lock\" > /dev/null\nif [ $? != 0 ] ; then\n    # print error to STDERR\n    echo \"error: The sandbox is not in sync with the Podfile.lock. Run 'pod install' or update your CocoaPods installation.\" >&2\n    exit 1\nfi\n# This output is used by Xcode 'outputs' to avoid re-running this script phase.\necho \"SUCCESS\" > \"${SCRIPT_OUTPUT_FILE_0}\"\n";
			showEnvVarsInLog = 0;
		};
/* End PBXShellScriptBuildPhase section */

/* Begin PBXSourcesBuildPhase section */
		5A7A217228FEC58A00F66C04 /* Sources */ = {
			isa = PBXSourcesBuildPhase;
			buildActionMask = 2147483647;
			files = (
				5A4E919C2927D0F100B0E192 /* LongCommentTableViewCell.m in Sources */,
				5A927EB9290AB0B900F79A6E /* TimeTableViewCell.m in Sources */,
				5ABFF1E729155E15003CD98E /* WebViewController.m in Sources */,
				5A4E91A62927D7A700B0E192 /* CollectionViewController.m in Sources */,
				5A7A21DD28FED3C600F66C04 /* ScrollerViewTableViewCell.m in Sources */,
				5A7A21C528FEC8AD00F66C04 /* MainPageViewController.m in Sources */,
				5A7A217B28FEC58A00F66C04 /* AppDelegate.m in Sources */,
				5A7A21BF28FEC85700F66C04 /* MainPageView.m in Sources */,
				5A7A21C228FEC87D00F66C04 /* MainPageModel.m in Sources */,
				5A7A218C28FEC58C00F66C04 /* main.m in Sources */,
				5ADAF8E729114FA900209F5A /* PersonalModel.m in Sources */,
				5A9B4D662920EBA8009018DE /* CommentsView.m in Sources */,
				5ADAF8EB29114FDB00209F5A /* PersonalViewController.m in Sources */,
				5ADAF8DD290D558A00209F5A /* BlankTableViewCell.m in Sources */,
				5ADAF8E429114F4F00209F5A /* PersonalView.m in Sources */,
				5A7A217E28FEC58A00F66C04 /* SceneDelegate.m in Sources */,
				5ABFF1EA29155E34003CD98E /* WebView.m in Sources */,
				5A9B4D632920EB65009018DE /* CommentsViewController.m in Sources */,
				5ABFF1F0291D0316003CD98E /* WebModel.m in Sources */,
				5A4E91A92927D7C200B0E192 /* CollectionTableViewCell.m in Sources */,
				5A4E91A22927D78900B0E192 /* CollectionView.m in Sources */,
				5A9B4D692920EBCB009018DE /* CommentModel.m in Sources */,
				5A7A21E529002E7A00F66C04 /* Manager.m in Sources */,
				5A7A21E029000CBA00F66C04 /* MainPageTableViewCell.m in Sources */,
			);
			runOnlyForDeploymentPostprocessing = 0;
		};
		5A7A218D28FEC58C00F66C04 /* Sources */ = {
			isa = PBXSourcesBuildPhase;
			buildActionMask = 2147483647;
			files = (
				5A7A219628FEC58C00F66C04 /* zhiHuDailyProgramTests.m in Sources */,
			);
			runOnlyForDeploymentPostprocessing = 0;
		};
		5A7A219728FEC58C00F66C04 /* Sources */ = {
			isa = PBXSourcesBuildPhase;
			buildActionMask = 2147483647;
			files = (
				5A7A21A228FEC58C00F66C04 /* zhiHuDailyProgramUITestsLaunchTests.m in Sources */,
				5A7A21A028FEC58C00F66C04 /* zhiHuDailyProgramUITests.m in Sources */,
			);
			runOnlyForDeploymentPostprocessing = 0;
		};
/* End PBXSourcesBuildPhase section */

/* Begin PBXTargetDependency section */
		5A7A219328FEC58C00F66C04 /* PBXTargetDependency */ = {
			isa = PBXTargetDependency;
			target = 5A7A217528FEC58A00F66C04 /* zhiHuDailyProgram */;
			targetProxy = 5A7A219228FEC58C00F66C04 /* PBXContainerItemProxy */;
		};
		5A7A219D28FEC58C00F66C04 /* PBXTargetDependency */ = {
			isa = PBXTargetDependency;
			target = 5A7A217528FEC58A00F66C04 /* zhiHuDailyProgram */;
			targetProxy = 5A7A219C28FEC58C00F66C04 /* PBXContainerItemProxy */;
		};
/* End PBXTargetDependency section */

/* Begin PBXVariantGroup section */
		5A7A218228FEC58A00F66C04 /* Main.storyboard */ = {
			isa = PBXVariantGroup;
			children = (
				5A7A218328FEC58A00F66C04 /* Base */,
			);
			name = Main.storyboard;
			sourceTree = "<group>";
		};
		5A7A218728FEC58C00F66C04 /* LaunchScreen.storyboard */ = {
			isa = PBXVariantGroup;
			children = (
				5A7A218828FEC58C00F66C04 /* Base */,
			);
			name = LaunchScreen.storyboard;
			sourceTree = "<group>";
		};
/* End PBXVariantGroup section */

/* Begin XCBuildConfiguration section */
		5A7A21A328FEC58C00F66C04 /* Debug */ = {
			isa = XCBuildConfiguration;
			buildSettings = {
				ALWAYS_SEARCH_USER_PATHS = NO;
				CLANG_ANALYZER_NONNULL = YES;
				CLANG_ANALYZER_NUMBER_OBJECT_CONVERSION = YES_AGGRESSIVE;
				CLANG_CXX_LANGUAGE_STANDARD = "gnu++17";
				CLANG_ENABLE_MODULES = YES;
				CLANG_ENABLE_OBJC_ARC = YES;
				CLANG_ENABLE_OBJC_WEAK = YES;
				CLANG_WARN_BLOCK_CAPTURE_AUTORELEASING = YES;
				CLANG_WARN_BOOL_CONVERSION = YES;
				CLANG_WARN_COMMA = YES;
				CLANG_WARN_CONSTANT_CONVERSION = YES;
				CLANG_WARN_DEPRECATED_OBJC_IMPLEMENTATIONS = YES;
				CLANG_WARN_DIRECT_OBJC_ISA_USAGE = YES_ERROR;
				CLANG_WARN_DOCUMENTATION_COMMENTS = YES;
				CLANG_WARN_EMPTY_BODY = YES;
				CLANG_WARN_ENUM_CONVERSION = YES;
				CLANG_WARN_INFINITE_RECURSION = YES;
				CLANG_WARN_INT_CONVERSION = YES;
				CLANG_WARN_NON_LITERAL_NULL_CONVERSION = YES;
				CLANG_WARN_OBJC_IMPLICIT_RETAIN_SELF = YES;
				CLANG_WARN_OBJC_LITERAL_CONVERSION = YES;
				CLANG_WARN_OBJC_ROOT_CLASS = YES_ERROR;
				CLANG_WARN_QUOTED_INCLUDE_IN_FRAMEWORK_HEADER = YES;
				CLANG_WARN_RANGE_LOOP_ANALYSIS = YES;
				CLANG_WARN_STRICT_PROTOTYPES = YES;
				CLANG_WARN_SUSPICIOUS_MOVE = YES;
				CLANG_WARN_UNGUARDED_AVAILABILITY = YES_AGGRESSIVE;
				CLANG_WARN_UNREACHABLE_CODE = YES;
				CLANG_WARN__DUPLICATE_METHOD_MATCH = YES;
				COPY_PHASE_STRIP = NO;
				DEBUG_INFORMATION_FORMAT = dwarf;
				ENABLE_STRICT_OBJC_MSGSEND = YES;
				ENABLE_TESTABILITY = YES;
				GCC_C_LANGUAGE_STANDARD = gnu11;
				GCC_DYNAMIC_NO_PIC = NO;
				GCC_NO_COMMON_BLOCKS = YES;
				GCC_OPTIMIZATION_LEVEL = 0;
				GCC_PREPROCESSOR_DEFINITIONS = (
					"DEBUG=1",
					"$(inherited)",
				);
				GCC_WARN_64_TO_32_BIT_CONVERSION = YES;
				GCC_WARN_ABOUT_RETURN_TYPE = YES_ERROR;
				GCC_WARN_UNDECLARED_SELECTOR = YES;
				GCC_WARN_UNINITIALIZED_AUTOS = YES_AGGRESSIVE;
				GCC_WARN_UNUSED_FUNCTION = YES;
				GCC_WARN_UNUSED_VARIABLE = YES;
				IPHONEOS_DEPLOYMENT_TARGET = 15.5;
				MTL_ENABLE_DEBUG_INFO = INCLUDE_SOURCE;
				MTL_FAST_MATH = YES;
				ONLY_ACTIVE_ARCH = YES;
				SDKROOT = iphoneos;
			};
			name = Debug;
		};
		5A7A21A428FEC58C00F66C04 /* Release */ = {
			isa = XCBuildConfiguration;
			buildSettings = {
				ALWAYS_SEARCH_USER_PATHS = NO;
				CLANG_ANALYZER_NONNULL = YES;
				CLANG_ANALYZER_NUMBER_OBJECT_CONVERSION = YES_AGGRESSIVE;
				CLANG_CXX_LANGUAGE_STANDARD = "gnu++17";
				CLANG_ENABLE_MODULES = YES;
				CLANG_ENABLE_OBJC_ARC = YES;
				CLANG_ENABLE_OBJC_WEAK = YES;
				CLANG_WARN_BLOCK_CAPTURE_AUTORELEASING = YES;
				CLANG_WARN_BOOL_CONVERSION = YES;
				CLANG_WARN_COMMA = YES;
				CLANG_WARN_CONSTANT_CONVERSION = YES;
				CLANG_WARN_DEPRECATED_OBJC_IMPLEMENTATIONS = YES;
				CLANG_WARN_DIRECT_OBJC_ISA_USAGE = YES_ERROR;
				CLANG_WARN_DOCUMENTATION_COMMENTS = YES;
				CLANG_WARN_EMPTY_BODY = YES;
				CLANG_WARN_ENUM_CONVERSION = YES;
				CLANG_WARN_INFINITE_RECURSION = YES;
				CLANG_WARN_INT_CONVERSION = YES;
				CLANG_WARN_NON_LITERAL_NULL_CONVERSION = YES;
				CLANG_WARN_OBJC_IMPLICIT_RETAIN_SELF = YES;
				CLANG_WARN_OBJC_LITERAL_CONVERSION = YES;
				CLANG_WARN_OBJC_ROOT_CLASS = YES_ERROR;
				CLANG_WARN_QUOTED_INCLUDE_IN_FRAMEWORK_HEADER = YES;
				CLANG_WARN_RANGE_LOOP_ANALYSIS = YES;
				CLANG_WARN_STRICT_PROTOTYPES = YES;
				CLANG_WARN_SUSPICIOUS_MOVE = YES;
				CLANG_WARN_UNGUARDED_AVAILABILITY = YES_AGGRESSIVE;
				CLANG_WARN_UNREACHABLE_CODE = YES;
				CLANG_WARN__DUPLICATE_METHOD_MATCH = YES;
				COPY_PHASE_STRIP = NO;
				DEBUG_INFORMATION_FORMAT = "dwarf-with-dsym";
				ENABLE_NS_ASSERTIONS = NO;
				ENABLE_STRICT_OBJC_MSGSEND = YES;
				GCC_C_LANGUAGE_STANDARD = gnu11;
				GCC_NO_COMMON_BLOCKS = YES;
				GCC_WARN_64_TO_32_BIT_CONVERSION = YES;
				GCC_WARN_ABOUT_RETURN_TYPE = YES_ERROR;
				GCC_WARN_UNDECLARED_SELECTOR = YES;
				GCC_WARN_UNINITIALIZED_AUTOS = YES_AGGRESSIVE;
				GCC_WARN_UNUSED_FUNCTION = YES;
				GCC_WARN_UNUSED_VARIABLE = YES;
				IPHONEOS_DEPLOYMENT_TARGET = 15.5;
				MTL_ENABLE_DEBUG_INFO = NO;
				MTL_FAST_MATH = YES;
				SDKROOT = iphoneos;
				VALIDATE_PRODUCT = YES;
			};
			name = Release;
		};
		5A7A21A628FEC58C00F66C04 /* Debug */ = {
			isa = XCBuildConfiguration;
			baseConfigurationReference = FF2721A1863360E8931F1133 /* Pods-zhiHuDailyProgram.debug.xcconfig */;
			buildSettings = {
				ASSETCATALOG_COMPILER_APPICON_NAME = AppIcon;
				ASSETCATALOG_COMPILER_GLOBAL_ACCENT_COLOR_NAME = AccentColor;
				CODE_SIGN_STYLE = Automatic;
				CURRENT_PROJECT_VERSION = 1;
				DEVELOPMENT_TEAM = 9G62C73G5P;
				GENERATE_INFOPLIST_FILE = YES;
				INFOPLIST_FILE = zhiHuDailyProgram/Info.plist;
				INFOPLIST_KEY_UIApplicationSupportsIndirectInputEvents = YES;
				INFOPLIST_KEY_UILaunchStoryboardName = LaunchScreen;
				INFOPLIST_KEY_UIMainStoryboardFile = Main;
				INFOPLIST_KEY_UISupportedInterfaceOrientations_iPad = "UIInterfaceOrientationPortrait UIInterfaceOrientationPortraitUpsideDown UIInterfaceOrientationLandscapeLeft UIInterfaceOrientationLandscapeRight";
				INFOPLIST_KEY_UISupportedInterfaceOrientations_iPhone = "UIInterfaceOrientationPortrait UIInterfaceOrientationLandscapeLeft UIInterfaceOrientationLandscapeRight";
				LD_RUNPATH_SEARCH_PATHS = (
					"$(inherited)",
					"@executable_path/Frameworks",
				);
				MARKETING_VERSION = 1.0;
				PRODUCT_BUNDLE_IDENTIFIER = xiyou3G.zhiHuDailyProgram;
				PRODUCT_NAME = "$(TARGET_NAME)";
				SWIFT_EMIT_LOC_STRINGS = YES;
				TARGETED_DEVICE_FAMILY = "1,2";
			};
			name = Debug;
		};
		5A7A21A728FEC58C00F66C04 /* Release */ = {
			isa = XCBuildConfiguration;
			baseConfigurationReference = C6A2145610907543072918FD /* Pods-zhiHuDailyProgram.release.xcconfig */;
			buildSettings = {
				ASSETCATALOG_COMPILER_APPICON_NAME = AppIcon;
				ASSETCATALOG_COMPILER_GLOBAL_ACCENT_COLOR_NAME = AccentColor;
				CODE_SIGN_STYLE = Automatic;
				CURRENT_PROJECT_VERSION = 1;
				DEVELOPMENT_TEAM = 9G62C73G5P;
				GENERATE_INFOPLIST_FILE = YES;
				INFOPLIST_FILE = zhiHuDailyProgram/Info.plist;
				INFOPLIST_KEY_UIApplicationSupportsIndirectInputEvents = YES;
				INFOPLIST_KEY_UILaunchStoryboardName = LaunchScreen;
				INFOPLIST_KEY_UIMainStoryboardFile = Main;
				INFOPLIST_KEY_UISupportedInterfaceOrientations_iPad = "UIInterfaceOrientationPortrait UIInterfaceOrientationPortraitUpsideDown UIInterfaceOrientationLandscapeLeft UIInterfaceOrientationLandscapeRight";
				INFOPLIST_KEY_UISupportedInterfaceOrientations_iPhone = "UIInterfaceOrientationPortrait UIInterfaceOrientationLandscapeLeft UIInterfaceOrientationLandscapeRight";
				LD_RUNPATH_SEARCH_PATHS = (
					"$(inherited)",
					"@executable_path/Frameworks",
				);
				MARKETING_VERSION = 1.0;
				PRODUCT_BUNDLE_IDENTIFIER = xiyou3G.zhiHuDailyProgram;
				PRODUCT_NAME = "$(TARGET_NAME)";
				SWIFT_EMIT_LOC_STRINGS = YES;
				TARGETED_DEVICE_FAMILY = "1,2";
			};
			name = Release;
		};
		5A7A21A928FEC58C00F66C04 /* Debug */ = {
			isa = XCBuildConfiguration;
			buildSettings = {
				BUNDLE_LOADER = "$(TEST_HOST)";
				CODE_SIGN_STYLE = Automatic;
				CURRENT_PROJECT_VERSION = 1;
				DEVELOPMENT_TEAM = 9G62C73G5P;
				GENERATE_INFOPLIST_FILE = YES;
				IPHONEOS_DEPLOYMENT_TARGET = 15.5;
				MARKETING_VERSION = 1.0;
				PRODUCT_BUNDLE_IDENTIFIER = xiyou3G.zhiHuDailyProgramTests;
				PRODUCT_NAME = "$(TARGET_NAME)";
				SWIFT_EMIT_LOC_STRINGS = NO;
				TARGETED_DEVICE_FAMILY = "1,2";
				TEST_HOST = "$(BUILT_PRODUCTS_DIR)/zhiHuDailyProgram.app/zhiHuDailyProgram";
			};
			name = Debug;
		};
		5A7A21AA28FEC58C00F66C04 /* Release */ = {
			isa = XCBuildConfiguration;
			buildSettings = {
				BUNDLE_LOADER = "$(TEST_HOST)";
				CODE_SIGN_STYLE = Automatic;
				CURRENT_PROJECT_VERSION = 1;
				DEVELOPMENT_TEAM = 9G62C73G5P;
				GENERATE_INFOPLIST_FILE = YES;
				IPHONEOS_DEPLOYMENT_TARGET = 15.5;
				MARKETING_VERSION = 1.0;
				PRODUCT_BUNDLE_IDENTIFIER = xiyou3G.zhiHuDailyProgramTests;
				PRODUCT_NAME = "$(TARGET_NAME)";
				SWIFT_EMIT_LOC_STRINGS = NO;
				TARGETED_DEVICE_FAMILY = "1,2";
				TEST_HOST = "$(BUILT_PRODUCTS_DIR)/zhiHuDailyProgram.app/zhiHuDailyProgram";
			};
			name = Release;
		};
		5A7A21AC28FEC58C00F66C04 /* Debug */ = {
			isa = XCBuildConfiguration;
			buildSettings = {
				CODE_SIGN_STYLE = Automatic;
				CURRENT_PROJECT_VERSION = 1;
				DEVELOPMENT_TEAM = 9G62C73G5P;
				GENERATE_INFOPLIST_FILE = YES;
				MARKETING_VERSION = 1.0;
				PRODUCT_BUNDLE_IDENTIFIER = xiyou3G.zhiHuDailyProgramUITests;
				PRODUCT_NAME = "$(TARGET_NAME)";
				SWIFT_EMIT_LOC_STRINGS = NO;
				TARGETED_DEVICE_FAMILY = "1,2";
				TEST_TARGET_NAME = zhiHuDailyProgram;
			};
			name = Debug;
		};
		5A7A21AD28FEC58C00F66C04 /* Release */ = {
			isa = XCBuildConfiguration;
			buildSettings = {
				CODE_SIGN_STYLE = Automatic;
				CURRENT_PROJECT_VERSION = 1;
				DEVELOPMENT_TEAM = 9G62C73G5P;
				GENERATE_INFOPLIST_FILE = YES;
				MARKETING_VERSION = 1.0;
				PRODUCT_BUNDLE_IDENTIFIER = xiyou3G.zhiHuDailyProgramUITests;
				PRODUCT_NAME = "$(TARGET_NAME)";
				SWIFT_EMIT_LOC_STRINGS = NO;
				TARGETED_DEVICE_FAMILY = "1,2";
				TEST_TARGET_NAME = zhiHuDailyProgram;
			};
			name = Release;
		};
/* End XCBuildConfiguration section */

/* Begin XCConfigurationList section */
		5A7A217128FEC58A00F66C04 /* Build configuration list for PBXProject "zhiHuDailyProgram" */ = {
			isa = XCConfigurationList;
			buildConfigurations = (
				5A7A21A328FEC58C00F66C04 /* Debug */,
				5A7A21A428FEC58C00F66C04 /* Release */,
			);
			defaultConfigurationIsVisible = 0;
			defaultConfigurationName = Release;
		};
		5A7A21A528FEC58C00F66C04 /* Build configuration list for PBXNativeTarget "zhiHuDailyProgram" */ = {
			isa = XCConfigurationList;
			buildConfigurations = (
				5A7A21A628FEC58C00F66C04 /* Debug */,
				5A7A21A728FEC58C00F66C04 /* Release */,
			);
			defaultConfigurationIsVisible = 0;
			defaultConfigurationName = Release;
		};
		5A7A21A828FEC58C00F66C04 /* Build configuration list for PBXNativeTarget "zhiHuDailyProgramTests" */ = {
			isa = XCConfigurationList;
			buildConfigurations = (
				5A7A21A928FEC58C00F66C04 /* Debug */,
				5A7A21AA28FEC58C00F66C04 /* Release */,
			);
			defaultConfigurationIsVisible = 0;
			defaultConfigurationName = Release;
		};
		5A7A21AB28FEC58C00F66C04 /* Build configuration list for PBXNativeTarget "zhiHuDailyProgramUITests" */ = {
			isa = XCConfigurationList;
			buildConfigurations = (
				5A7A21AC28FEC58C00F66C04 /* Debug */,
				5A7A21AD28FEC58C00F66C04 /* Release */,
			);
			defaultConfigurationIsVisible = 0;
			defaultConfigurationName = Release;
		};
/* End XCConfigurationList section */
	};
	rootObject = 5A7A216E28FEC58A00F66C04 /* Project object */;
}
